
Microsoft Visual Studio Solution File, Format Version 12.00
# Visual Studio 15
Project("{FAE04EC0-301F-11D3-BF4B-00C04F79EFBC}") = "Assembly-CSharp", "Assembly-CSharp.csproj", "{6BBA3AE6-0D12-6675-4207-7D32A3523D28}"
EndProject
Project("{FAE04EC0-301F-11D3-BF4B-00C04F79EFBC}") = "Assembly-CSharp-Editor", "Assembly-CSharp-Editor.csproj", "{029724C3-A553-E61B-CB70-765C90DF8198}"
EndProject
Global
	GlobalSection(SolutionConfigurationPlatforms) = preSolution
		Debug|Any CPU = Debug|Any CPU
		Release|Any CPU = Release|Any CPU
	EndGlobalSection
	GlobalSection(ProjectConfigurationPlatforms) = postSolution
		{6BBA3AE6-0D12-6675-4207-7D32A3523D28}.Debug|Any CPU.ActiveCfg = Debug|Any CPU
		{6BBA3AE6-0D12-6675-4207-7D32A3523D28}.Debug|Any CPU.Build.0 = Debug|Any CPU
		{6BBA3AE6-0D12-6675-4207-7D32A3523D28}.Release|Any CPU.ActiveCfg = Release|Any CPU
		{6BBA3AE6-0D12-6675-4207-7D32A3523D28}.Release|Any CPU.Build.0 = Release|Any CPU
		{029724C3-A553-E61B-CB70-765C90DF8198}.Debug|Any CPU.ActiveCfg = Debug|Any CPU
		{029724C3-A553-E61B-CB70-765C90DF8198}.Debug|Any CPU.Build.0 = Debug|Any CPU
		{029724C3-A553-E61B-CB70-765C90DF8198}.Release|Any CPU.ActiveCfg = Release|Any CPU
		{029724C3-A553-E61B-CB70-765C90DF8198}.Release|Any CPU.Build.0 = Release|Any CPU
	EndGlobalSection
	GlobalSection(SolutionProperties) = preSolution
		HideSolutionNode = FALSE
	EndGlobalSection
EndGlobal
